Microsoft Visual Studio Solution File, Format Version 12.00
# Visual Studio Version 17
Project("{8BC9CEB8-8B4A-11D0-8D11-00A0C91BC942}") = "plotmatrix", "D:/repositories/scanner/libs/qwt-6.2.0/playground/plotmatrix\plotmatrix.vcxproj", "{8CC219B0-7243-3AC6-8FF7-FA51619AEA7F}"
EndProject
Project("{8BC9CEB8-8B4A-11D0-8D11-00A0C91BC942}") = "timescale", "D:/repositories/scanner/libs/qwt-6.2.0/playground/timescale\timescale.vcxproj", "{17B25406-F8F9-35E4-8317-AA01B8AE0799}"
EndProject
Project("{8BC9CEB8-8B4A-11D0-8D11-00A0C91BC942}") = "scaleengine", "D:/repositories/scanner/libs/qwt-6.2.0/playground/scaleengine\scaleengine.vcxproj", "{681EE36D-450F-3187-890C-6A084BEB30DA}"
EndProject
Project("{8BC9CEB8-8B4A-11D0-8D11-00A0C91BC942}") = "rescaler", "D:/repositories/scanner/libs/qwt-6.2.0/playground/rescaler\rescaler.vcxproj", "{FF98E901-8890-3EA1-9909-19AE05980652}"
EndProject
Project("{8BC9CEB8-8B4A-11D0-8D11-00A0C91BC942}") = "shapes", "D:/repositories/scanner/libs/qwt-6.2.0/playground/shapes\shapes.vcxproj", "{69E6A00C-776A-3EE0-97C7-0EF0C7B280BD}"
EndProject
Project("{8BC9CEB8-8B4A-11D0-8D11-00A0C91BC942}") = "curvetracker", "D:/repositories/scanner/libs/qwt-6.2.0/playground/curvetracker\curvetracker.vcxproj", "{1AE81B48-0917-32EE-9233-27DE1F4CC9A9}"
EndProject
Project("{8BC9CEB8-8B4A-11D0-8D11-00A0C91BC942}") = "vectorfield", "D:/repositories/scanner/libs/qwt-6.2.0/playground/vectorfield\vectorfield.vcxproj", "{C04CBC08-7E2A-32D8-93B5-457B67C5C7BC}"
EndProject
Project("{8BC9CEB8-8B4A-11D0-8D11-00A0C91BC942}") = "symbols", "D:/repositories/scanner/libs/qwt-6.2.0/playground/symbols\symbols.vcxproj", "{FF15373F-0DC4-3586-A4D0-188683FAEB4C}"
EndProject
Project("{8BC9CEB8-8B4A-11D0-8D11-00A0C91BC942}") = "svgmap", "D:/repositories/scanner/libs/qwt-6.2.0/playground/svgmap\svgmap.vcxproj", "{F58E51CA-2F65-3FD1-B616-94CB04F11569}"
EndProject
Project("{8BC9CEB8-8B4A-11D0-8D11-00A0C91BC942}") = "graphicscale", "D:/repositories/scanner/libs/qwt-6.2.0/playground/graphicscale\graphicscale.vcxproj", "{D9BD8A1F-FD9F-3CD4-B9CD-D9318566F7F1}"
EndProject
Global
	GlobalSection(SolutionConfigurationPlatforms) = preSolution
		Debug|x64 = Debug|x64
		Release|x64 = Release|x64
	EndGlobalSection
	GlobalSection(ProjectConfigurationPlatforms) = postSolution
		{8CC219B0-7243-3AC6-8FF7-FA51619AEA7F}.Debug|x64.ActiveCfg = Debug|x64
		{8CC219B0-7243-3AC6-8FF7-FA51619AEA7F}.Debug|x64.Build.0 = Debug|x64
		{8CC219B0-7243-3AC6-8FF7-FA51619AEA7F}.Release|x64.ActiveCfg = Release|x64
		{8CC219B0-7243-3AC6-8FF7-FA51619AEA7F}.Release|x64.Build.0 = Release|x64
		{17B25406-F8F9-35E4-8317-AA01B8AE0799}.Debug|x64.ActiveCfg = Debug|x64
		{17B25406-F8F9-35E4-8317-AA01B8AE0799}.Debug|x64.Build.0 = Debug|x64
		{17B25406-F8F9-35E4-8317-AA01B8AE0799}.Release|x64.ActiveCfg = Release|x64
		{17B25406-F8F9-35E4-8317-AA01B8AE0799}.Release|x64.Build.0 = Release|x64
		{681EE36D-450F-3187-890C-6A084BEB30DA}.Debug|x64.ActiveCfg = Debug|x64
		{681EE36D-450F-3187-890C-6A084BEB30DA}.Debug|x64.Build.0 = Debug|x64
		{681EE36D-450F-3187-890C-6A084BEB30DA}.Release|x64.ActiveCfg = Release|x64
		{681EE36D-450F-3187-890C-6A084BEB30DA}.Release|x64.Build.0 = Release|x64
		{FF98E901-8890-3EA1-9909-19AE05980652}.Debug|x64.ActiveCfg = Debug|x64
		{FF98E901-8890-3EA1-9909-19AE05980652}.Debug|x64.Build.0 = Debug|x64
		{FF98E901-8890-3EA1-9909-19AE05980652}.Release|x64.ActiveCfg = Release|x64
		{FF98E901-8890-3EA1-9909-19AE05980652}.Release|x64.Build.0 = Release|x64
		{69E6A00C-776A-3EE0-97C7-0EF0C7B280BD}.Debug|x64.ActiveCfg = Debug|x64
		{69E6A00C-776A-3EE0-97C7-0EF0C7B280BD}.Debug|x64.Build.0 = Debug|x64
		{69E6A00C-776A-3EE0-97C7-0EF0C7B280BD}.Release|x64.ActiveCfg = Release|x64
		{69E6A00C-776A-3EE0-97C7-0EF0C7B280BD}.Release|x64.Build.0 = Release|x64
		{1AE81B48-0917-32EE-9233-27DE1F4CC9A9}.Debug|x64.ActiveCfg = Debug|x64
		{1AE81B48-0917-32EE-9233-27DE1F4CC9A9}.Debug|x64.Build.0 = Debug|x64
		{1AE81B48-0917-32EE-9233-27DE1F4CC9A9}.Release|x64.ActiveCfg = Release|x64
		{1AE81B48-0917-32EE-9233-27DE1F4CC9A9}.Release|x64.Build.0 = Release|x64
		{C04CBC08-7E2A-32D8-93B5-457B67C5C7BC}.Debug|x64.ActiveCfg = Debug|x64
		{C04CBC08-7E2A-32D8-93B5-457B67C5C7BC}.Debug|x64.Build.0 = Debug|x64
		{C04CBC08-7E2A-32D8-93B5-457B67C5C7BC}.Release|x64.ActiveCfg = Release|x64
		{C04CBC08-7E2A-32D8-93B5-457B67C5C7BC}.Release|x64.Build.0 = Release|x64
		{FF15373F-0DC4-3586-A4D0-188683FAEB4C}.Debug|x64.ActiveCfg = Debug|x64
		{FF15373F-0DC4-3586-A4D0-188683FAEB4C}.Debug|x64.Build.0 = Debug|x64
		{FF15373F-0DC4-3586-A4D0-188683FAEB4C}.Release|x64.ActiveCfg = Release|x64
		{FF15373F-0DC4-3586-A4D0-188683FAEB4C}.Release|x64.Build.0 = Release|x64
		{F58E51CA-2F65-3FD1-B616-94CB04F11569}.Debug|x64.ActiveCfg = Debug|x64
		{F58E51CA-2F65-3FD1-B616-94CB04F11569}.Debug|x64.Build.0 = Debug|x64
		{F58E51CA-2F65-3FD1-B616-94CB04F11569}.Release|x64.ActiveCfg = Release|x64
		{F58E51CA-2F65-3FD1-B616-94CB04F11569}.Release|x64.Build.0 = Release|x64
		{D9BD8A1F-FD9F-3CD4-B9CD-D9318566F7F1}.Debug|x64.ActiveCfg = Debug|x64
		{D9BD8A1F-FD9F-3CD4-B9CD-D9318566F7F1}.Debug|x64.Build.0 = Debug|x64
		{D9BD8A1F-FD9F-3CD4-B9CD-D9318566F7F1}.Release|x64.ActiveCfg = Release|x64
		{D9BD8A1F-FD9F-3CD4-B9CD-D9318566F7F1}.Release|x64.Build.0 = Release|x64
	EndGlobalSection
	GlobalSection(ExtensibilityGlobals) = postSolution
	EndGlobalSection
	GlobalSection(ExtensibilityAddIns) = postSolution
	EndGlobalSection
EndGlobal